// !$*UTF8*$!
{
	archiveVersion = 1;
	classes = {
	};
	objectVersion = 55;
	objects = {

/* Begin PBXBuildFile section */
		5E5CC210E815ED568B9BB6E5 /* Pods_MVPvsMVVM.framework in Frameworks */ = {isa = PBXBuildFile; fileRef = 0B552115BCCA275A3DAD89E1 /* Pods_MVPvsMVVM.framework */; };
		B389461728576E6E0061E26D /* AppDelegate.swift in Sources */ = {isa = PBXBuildFile; fileRef = B389461628576E6E0061E26D /* AppDelegate.swift */; };
		B389461928576E6E0061E26D /* SceneDelegate.swift in Sources */ = {isa = PBXBuildFile; fileRef = B389461828576E6E0061E26D /* SceneDelegate.swift */; };
		B389461B28576E6E0061E26D /* MVPViewController.swift in Sources */ = {isa = PBXBuildFile; fileRef = B389461A28576E6E0061E26D /* MVPViewController.swift */; };
		B389461E28576E6E0061E26D /* Main.storyboard in Resources */ = {isa = PBXBuildFile; fileRef = B389461C28576E6E0061E26D /* Main.storyboard */; };
		B389462028576E6F0061E26D /* Assets.xcassets in Resources */ = {isa = PBXBuildFile; fileRef = B389461F28576E6F0061E26D /* Assets.xcassets */; };
		B389462328576E6F0061E26D /* LaunchScreen.storyboard in Resources */ = {isa = PBXBuildFile; fileRef = B389462128576E6F0061E26D /* LaunchScreen.storyboard */; };
		B389462C285770000061E26D /* Presenter.swift in Sources */ = {isa = PBXBuildFile; fileRef = B389462B285770000061E26D /* Presenter.swift */; };
		B389462E285770080061E26D /* MVPModel.swift in Sources */ = {isa = PBXBuildFile; fileRef = B389462D285770080061E26D /* MVPModel.swift */; };
		B3894630285779260061E26D /* ViewModel.swift in Sources */ = {isa = PBXBuildFile; fileRef = B389462F285779260061E26D /* ViewModel.swift */; };
		B3894633285779350061E26D /* MVVMModel.swift in Sources */ = {isa = PBXBuildFile; fileRef = B3894632285779350061E26D /* MVVMModel.swift */; };
		B38946352857793C0061E26D /* MVVMViewController.swift in Sources */ = {isa = PBXBuildFile; fileRef = B38946342857793C0061E26D /* MVVMViewController.swift */; };
		B3C2576E286C28CF00881212 /* RxMVVMViewController.swift in Sources */ = {isa = PBXBuildFile; fileRef = B3C2576D286C28CF00881212 /* RxMVVMViewController.swift */; };
		B3C25771286C28E200881212 /* RxViewModel.swift in Sources */ = {isa = PBXBuildFile; fileRef = B3C25770286C28E200881212 /* RxViewModel.swift */; };
/* End PBXBuildFile section */

/* Begin PBXFileReference section */
		0B552115BCCA275A3DAD89E1 /* Pods_MVPvsMVVM.framework */ = {isa = PBXFileReference; explicitFileType = wrapper.framework; includeInIndex = 0; path = Pods_MVPvsMVVM.framework; sourceTree = BUILT_PRODUCTS_DIR; };
		5F5255767ECDD609D569D7E5 /* Pods-MVPvsMVVM.debug.xcconfig */ = {isa = PBXFileReference; includeInIndex = 1; lastKnownFileType = text.xcconfig; name = "Pods-MVPvsMVVM.debug.xcconfig"; path = "Target Support Files/Pods-MVPvsMVVM/Pods-MVPvsMVVM.debug.xcconfig"; sourceTree = "<group>"; };
		A443ABF69EEDB64F5400D62F /* Pods-MVPvsMVVM.release.xcconfig */ = {isa = PBXFileReference; includeInIndex = 1; lastKnownFileType = text.xcconfig; name = "Pods-MVPvsMVVM.release.xcconfig"; path = "Target Support Files/Pods-MVPvsMVVM/Pods-MVPvsMVVM.release.xcconfig"; sourceTree = "<group>"; };
		B389461328576E6E0061E26D /* MVPvsMVVM.app */ = {isa = PBXFileReference; explicitFileType = wrapper.application; includeInIndex = 0; path = MVPvsMVVM.app; sourceTree = BUILT_PRODUCTS_DIR; };
		B389461628576E6E0061E26D /* AppDelegate.swift */ = {isa = PBXFileReference; lastKnownFileType = sourcecode.swift; path = AppDelegate.swift; sourceTree = "<group>"; };
		B389461828576E6E0061E26D /* SceneDelegate.swift */ = {isa = PBXFileReference; lastKnownFileType = sourcecode.swift; path = SceneDelegate.swift; sourceTree = "<group>"; };
		B389461A28576E6E0061E26D /* MVPViewController.swift */ = {isa = PBXFileReference; lastKnownFileType = sourcecode.swift; path = MVPViewController.swift; sourceTree = "<group>"; };
		B389461D28576E6E0061E26D /* Base */ = {isa = PBXFileReference; lastKnownFileType = file.storyboard; name = Base; path = Base.lproj/Main.storyboard; sourceTree = "<group>"; };
		B389461F28576E6F0061E26D /* Assets.xcassets */ = {isa = PBXFileReference; lastKnownFileType = folder.assetcatalog; path = Assets.xcassets; sourceTree = "<group>"; };
		B389462228576E6F0061E26D /* Base */ = {isa = PBXFileReference; lastKnownFileType = file.storyboard; name = Base; path = Base.lproj/LaunchScreen.storyboard; sourceTree = "<group>"; };
		B389462428576E6F0061E26D /* Info.plist */ = {isa = PBXFileReference; lastKnownFileType = text.plist.xml; path = Info.plist; sourceTree = "<group>"; };
		B389462B285770000061E26D /* Presenter.swift */ = {isa = PBXFileReference; lastKnownFileType = sourcecode.swift; path = Presenter.swift; sourceTree = "<group>"; };
		B389462D285770080061E26D /* MVPModel.swift */ = {isa = PBXFileReference; lastKnownFileType = sourcecode.swift; path = MVPModel.swift; sourceTree = "<group>"; };
		B389462F285779260061E26D /* ViewModel.swift */ = {isa = PBXFileReference; lastKnownFileType = sourcecode.swift; path = ViewModel.swift; sourceTree = "<group>"; };
		B3894632285779350061E26D /* MVVMModel.swift */ = {isa = PBXFileReference; lastKnownFileType = sourcecode.swift; path = MVVMModel.swift; sourceTree = "<group>"; };
		B38946342857793C0061E26D /* MVVMViewController.swift */ = {isa = PBXFileReference; lastKnownFileType = sourcecode.swift; path = MVVMViewController.swift; sourceTree = "<group>"; };
		B3C2576D286C28CF00881212 /* RxMVVMViewController.swift */ = {isa = PBXFileReference; lastKnownFileType = sourcecode.swift; path = RxMVVMViewController.swift; sourceTree = "<group>"; };
		B3C25770286C28E200881212 /* RxViewModel.swift */ = {isa = PBXFileReference; lastKnownFileType = sourcecode.swift; path = RxViewModel.swift; sourceTree = "<group>"; };
/* End PBXFileReference section */

/* Begin PBXFrameworksBuildPhase section */
		B389461028576E6E0061E26D /* Frameworks */ = {
			isa = PBXFrameworksBuildPhase;
			buildActionMask = 2147483647;
			files = (
				5E5CC210E815ED568B9BB6E5 /* Pods_MVPvsMVVM.framework in Frameworks */,
			);
			runOnlyForDeploymentPostprocessing = 0;
		};
/* End PBXFrameworksBuildPhase section */

/* Begin PBXGroup section */
		36BE2ABB59D16F7E90AE3B8A /* Pods */ = {
			isa = PBXGroup;
			children = (
				5F5255767ECDD609D569D7E5 /* Pods-MVPvsMVVM.debug.xcconfig */,
				A443ABF69EEDB64F5400D62F /* Pods-MVPvsMVVM.release.xcconfig */,
			);
			path = Pods;
			sourceTree = "<group>";
		};
		B389460A28576E6E0061E26D = {
			isa = PBXGroup;
			children = (
				B389461528576E6E0061E26D /* MVPvsMVVM */,
				B389461428576E6E0061E26D /* Products */,
				36BE2ABB59D16F7E90AE3B8A /* Pods */,
				DE4E71C419F59CDCFC1B441D /* Frameworks */,
			);
			sourceTree = "<group>";
		};
		B389461428576E6E0061E26D /* Products */ = {
			isa = PBXGroup;
			children = (
				B389461328576E6E0061E26D /* MVPvsMVVM.app */,
			);
			name = Products;
			sourceTree = "<group>";
		};
		B389461528576E6E0061E26D /* MVPvsMVVM */ = {
			isa = PBXGroup;
			children = (
				B389461628576E6E0061E26D /* AppDelegate.swift */,
				B389461828576E6E0061E26D /* SceneDelegate.swift */,
				B3C2576F286C28D300881212 /* RxMVVM */,
				B38946312857792B0061E26D /* MVVM */,
				B389462A28576FF00061E26D /* MVP */,
				B389461C28576E6E0061E26D /* Main.storyboard */,
				B389461F28576E6F0061E26D /* Assets.xcassets */,
				B389462128576E6F0061E26D /* LaunchScreen.storyboard */,
				B389462428576E6F0061E26D /* Info.plist */,
			);
			path = MVPvsMVVM;
			sourceTree = "<group>";
		};
		B389462A28576FF00061E26D /* MVP */ = {
			isa = PBXGroup;
			children = (
				B389461A28576E6E0061E26D /* MVPViewController.swift */,
				B389462B285770000061E26D /* Presenter.swift */,
				B389462D285770080061E26D /* MVPModel.swift */,
			);
			path = MVP;
			sourceTree = "<group>";
		};
		B38946312857792B0061E26D /* MVVM */ = {
			isa = PBXGroup;
			children = (
				B38946342857793C0061E26D /* MVVMViewController.swift */,
				B389462F285779260061E26D /* ViewModel.swift */,
				B3894632285779350061E26D /* MVVMModel.swift */,
			);
			path = MVVM;
			sourceTree = "<group>";
		};
		B3C2576F286C28D300881212 /* RxMVVM */ = {
			isa = PBXGroup;
			children = (
				B3C2576D286C28CF00881212 /* RxMVVMViewController.swift */,
				B3C25770286C28E200881212 /* RxViewModel.swift */,
			);
			path = RxMVVM;
			sourceTree = "<group>";
		};
		DE4E71C419F59CDCFC1B441D /* Frameworks */ = {
			isa = PBXGroup;
			children = (
				0B552115BCCA275A3DAD89E1 /* Pods_MVPvsMVVM.framework */,
			);
			name = Frameworks;
			sourceTree = "<group>";
		};
/* End PBXGroup section */

/* Begin PBXNativeTarget section */
		B389461228576E6E0061E26D /* MVPvsMVVM */ = {
			isa = PBXNativeTarget;
			buildConfigurationList = B389462728576E6F0061E26D /* Build configuration list for PBXNativeTarget "MVPvsMVVM" */;
			buildPhases = (
				A7808DBD6C51CD3915CD8A69 /* [CP] Check Pods Manifest.lock */,
				B389460F28576E6E0061E26D /* Sources */,
				B389461028576E6E0061E26D /* Frameworks */,
				B389461128576E6E0061E26D /* Resources */,
				83F5EC1EF4A39ED22CC557E8 /* [CP] Embed Pods Frameworks */,
			);
			buildRules = (
			);
			dependencies = (
			);
			name = MVPvsMVVM;
			productName = MVPvsMVVM;
			productReference = B389461328576E6E0061E26D /* MVPvsMVVM.app */;
			productType = "com.apple.product-type.application";
		};
/* End PBXNativeTarget section */

/* Begin PBXProject section */
		B389460B28576E6E0061E26D /* Project object */ = {
			isa = PBXProject;
			attributes = {
				BuildIndependentTargetsInParallel = 1;
				LastSwiftUpdateCheck = 1300;
				LastUpgradeCheck = 1300;
				TargetAttributes = {
					B389461228576E6E0061E26D = {
						CreatedOnToolsVersion = 13.0;
					};
				};
			};
			buildConfigurationList = B389460E28576E6E0061E26D /* Build configuration list for PBXProject "MVPvsMVVM" */;
			compatibilityVersion = "Xcode 13.0";
			developmentRegion = en;
			hasScannedForEncodings = 0;
			knownRegions = (
				en,
				Base,
			);
			mainGroup = B389460A28576E6E0061E26D;
			productRefGroup = B389461428576E6E0061E26D /* Products */;
			projectDirPath = "";
			projectRoot = "";
			targets = (
				B389461228576E6E0061E26D /* MVPvsMVVM */,
			);
		};
/* End PBXProject section */

/* Begin PBXResourcesBuildPhase section */
		B389461128576E6E0061E26D /* Resources */ = {
			isa = PBXResourcesBuildPhase;
			buildActionMask = 2147483647;
			files = (
				B389462328576E6F0061E26D /* LaunchScreen.storyboard in Resources */,
				B389462028576E6F0061E26D /* Assets.xcassets in Resources */,
				B389461E28576E6E0061E26D /* Main.storyboard in Resources */,
			);
			runOnlyForDeploymentPostprocessing = 0;
		};
/* End PBXResourcesBuildPhase section */

/* Begin PBXShellScriptBuildPhase section */
		83F5EC1EF4A39ED22CC557E8 /* [CP] Embed Pods Frameworks */ = {
			isa = PBXShellScriptBuildPhase;
			buildActionMask = 2147483647;
			files = (
			);
			inputFileListPaths = (
				"${PODS_ROOT}/Target Support Files/Pods-MVPvsMVVM/Pods-MVPvsMVVM-frameworks-${CONFIGURATION}-input-files.xcfilelist",
			);
			name = "[CP] Embed Pods Frameworks";
			outputFileListPaths = (
				"${PODS_ROOT}/Target Support Files/Pods-MVPvsMVVM/Pods-MVPvsMVVM-frameworks-${CONFIGURATION}-output-files.xcfilelist",
			);
			runOnlyForDeploymentPostprocessing = 0;
			shellPath = /bin/sh;
			shellScript = "\"${PODS_ROOT}/Target Support Files/Pods-MVPvsMVVM/Pods-MVPvsMVVM-frameworks.sh\"\n";
			showEnvVarsInLog = 0;
		};
		A7808DBD6C51CD3915CD8A69 /* [CP] Check Pods Manifest.lock */ = {
			isa = PBXShellScriptBuildPhase;
			buildActionMask = 2147483647;
			files = (
			);
			inputFileListPaths = (
			);
			inputPaths = (
				"${PODS_PODFILE_DIR_PATH}/Podfile.lock",
				"${PODS_ROOT}/Manifest.lock",
			);
			name = "[CP] Check Pods Manifest.lock";
			outputFileListPaths = (
			);
			outputPaths = (
				"$(DERIVED_FILE_DIR)/Pods-MVPvsMVVM-checkManifestLockResult.txt",
			);
			runOnlyForDeploymentPostprocessing = 0;
			shellPath = /bin/sh;
			shellScript = "diff \"${PODS_PODFILE_DIR_PATH}/Podfile.lock\" \"${PODS_ROOT}/Manifest.lock\" > /dev/null\nif [ $? != 0 ] ; then\n    # print error to STDERR\n    echo \"error: The sandbox is not in sync with the Podfile.lock. Run 'pod install' or update your CocoaPods installation.\" >&2\n    exit 1\nfi\n# This output is used by Xcode 'outputs' to avoid re-running this script phase.\necho \"SUCCESS\" > \"${SCRIPT_OUTPUT_FILE_0}\"\n";
			showEnvVarsInLog = 0;
		};
/* End PBXShellScriptBuildPhase section */

/* Begin PBXSourcesBuildPhase section */
		B389460F28576E6E0061E26D /* Sources */ = {
			isa = PBXSourcesBuildPhase;
			buildActionMask = 2147483647;
			files = (
				B38946352857793C0061E26D /* MVVMViewController.swift in Sources */,
				B3C2576E286C28CF00881212 /* RxMVVMViewController.swift in Sources */,
				B3894633285779350061E26D /* MVVMModel.swift in Sources */,
				B389462E285770080061E26D /* MVPModel.swift in Sources */,
				B389461B28576E6E0061E26D /* MVPViewController.swift in Sources */,
				B389461728576E6E0061E26D /* AppDelegate.swift in Sources */,
				B3C25771286C28E200881212 /* RxViewModel.swift in Sources */,
				B389462C285770000061E26D /* Presenter.swift in Sources */,
				B3894630285779260061E26D /* ViewModel.swift in Sources */,
				B389461928576E6E0061E26D /* SceneDelegate.swift in Sources */,
			);
			runOnlyForDeploymentPostprocessing = 0;
		};
/* End PBXSourcesBuildPhase section */

/* Begin PBXVariantGroup section */
		B389461C28576E6E0061E26D /* Main.storyboard */ = {
			isa = PBXVariantGroup;
			children = (
				B389461D28576E6E0061E26D /* Base */,
			);
			name = Main.storyboard;
			sourceTree = "<group>";
		};
		B389462128576E6F0061E26D /* LaunchScreen.storyboard */ = {
			isa = PBXVariantGroup;
			children = (
				B389462228576E6F0061E26D /* Base */,
			);
			name = LaunchScreen.storyboard;
			sourceTree = "<group>";
		};
/* End PBXVariantGroup section */

/* Begin XCBuildConfiguration section */
		B389462528576E6F0061E26D /* Debug */ = {
			isa = XCBuildConfiguration;
			buildSettings = {
				ALWAYS_SEARCH_USER_PATHS = NO;
				CLANG_ANALYZER_NONNULL = YES;
				CLANG_ANALYZER_NUMBER_OBJECT_CONVERSION = YES_AGGRESSIVE;
				CLANG_CXX_LANGUAGE_STANDARD = "gnu++17";
				CLANG_CXX_LIBRARY = "libc++";
				CLANG_ENABLE_MODULES = YES;
				CLANG_ENABLE_OBJC_ARC = YES;
				CLANG_ENABLE_OBJC_WEAK = YES;
				CLANG_WARN_BLOCK_CAPTURE_AUTORELEASING = YES;
				CLANG_WARN_BOOL_CONVERSION = YES;
				CLANG_WARN_COMMA = YES;
				CLANG_WARN_CONSTANT_CONVERSION = YES;
				CLANG_WARN_DEPRECATED_OBJC_IMPLEMENTATIONS = YES;
				CLANG_WARN_DIRECT_OBJC_ISA_USAGE = YES_ERROR;
				CLANG_WARN_DOCUMENTATION_COMMENTS = YES;
				CLANG_WARN_EMPTY_BODY = YES;
				CLANG_WARN_ENUM_CONVERSION = YES;
				CLANG_WARN_INFINITE_RECURSION = YES;
				CLANG_WARN_INT_CONVERSION = YES;
				CLANG_WARN_NON_LITERAL_NULL_CONVERSION = YES;
				CLANG_WARN_OBJC_IMPLICIT_RETAIN_SELF = YES;
				CLANG_WARN_OBJC_LITERAL_CONVERSION = YES;
				CLANG_WARN_OBJC_ROOT_CLASS = YES_ERROR;
				CLANG_WARN_QUOTED_INCLUDE_IN_FRAMEWORK_HEADER = YES;
				CLANG_WARN_RANGE_LOOP_ANALYSIS = YES;
				CLANG_WARN_STRICT_PROTOTYPES = YES;
				CLANG_WARN_SUSPICIOUS_MOVE = YES;
				CLANG_WARN_UNGUARDED_AVAILABILITY = YES_AGGRESSIVE;
				CLANG_WARN_UNREACHABLE_CODE = YES;
				CLANG_WARN__DUPLICATE_METHOD_MATCH = YES;
				COPY_PHASE_STRIP = NO;
				DEBUG_INFORMATION_FORMAT = dwarf;
				ENABLE_STRICT_OBJC_MSGSEND = YES;
				ENABLE_TESTABILITY = YES;
				GCC_C_LANGUAGE_STANDARD = gnu11;
				GCC_DYNAMIC_NO_PIC = NO;
				GCC_NO_COMMON_BLOCKS = YES;
				GCC_OPTIMIZATION_LEVEL = 0;
				GCC_PREPROCESSOR_DEFINITIONS = (
					"DEBUG=1",
					"$(inherited)",
				);
				GCC_WARN_64_TO_32_BIT_CONVERSION = YES;
				GCC_WARN_ABOUT_RETURN_TYPE = YES_ERROR;
				GCC_WARN_UNDECLARED_SELECTOR = YES;
				GCC_WARN_UNINITIALIZED_AUTOS = YES_AGGRESSIVE;
				GCC_WARN_UNUSED_FUNCTION = YES;
				GCC_WARN_UNUSED_VARIABLE = YES;
				IPHONEOS_DEPLOYMENT_TARGET = 15.0;
				MTL_ENABLE_DEBUG_INFO = INCLUDE_SOURCE;
				MTL_FAST_MATH = YES;
				ONLY_ACTIVE_ARCH = YES;
				SDKROOT = iphoneos;
				SWIFT_ACTIVE_COMPILATION_CONDITIONS = DEBUG;
				SWIFT_OPTIMIZATION_LEVEL = "-Onone";
			};
			name = Debug;
		};
		B389462628576E6F0061E26D /* Release */ = {
			isa = XCBuildConfiguration;
			buildSettings = {
				ALWAYS_SEARCH_USER_PATHS = NO;
				CLANG_ANALYZER_NONNULL = YES;
				CLANG_ANALYZER_NUMBER_OBJECT_CONVERSION = YES_AGGRESSIVE;
				CLANG_CXX_LANGUAGE_STANDARD = "gnu++17";
				CLANG_CXX_LIBRARY = "libc++";
				CLANG_ENABLE_MODULES = YES;
				CLANG_ENABLE_OBJC_ARC = YES;
				CLANG_ENABLE_OBJC_WEAK = YES;
				CLANG_WARN_BLOCK_CAPTURE_AUTORELEASING = YES;
				CLANG_WARN_BOOL_CONVERSION = YES;
				CLANG_WARN_COMMA = YES;
				CLANG_WARN_CONSTANT_CONVERSION = YES;
				CLANG_WARN_DEPRECATED_OBJC_IMPLEMENTATIONS = YES;
				CLANG_WARN_DIRECT_OBJC_ISA_USAGE = YES_ERROR;
				CLANG_WARN_DOCUMENTATION_COMMENTS = YES;
				CLANG_WARN_EMPTY_BODY = YES;
				CLANG_WARN_ENUM_CONVERSION = YES;
				CLANG_WARN_INFINITE_RECURSION = YES;
				CLANG_WARN_INT_CONVERSION = YES;
				CLANG_WARN_NON_LITERAL_NULL_CONVERSION = YES;
				CLANG_WARN_OBJC_IMPLICIT_RETAIN_SELF = YES;
				CLANG_WARN_OBJC_LITERAL_CONVERSION = YES;
				CLANG_WARN_OBJC_ROOT_CLASS = YES_ERROR;
				CLANG_WARN_QUOTED_INCLUDE_IN_FRAMEWORK_HEADER = YES;
				CLANG_WARN_RANGE_LOOP_ANALYSIS = YES;
				CLANG_WARN_STRICT_PROTOTYPES = YES;
				CLANG_WARN_SUSPICIOUS_MOVE = YES;
				CLANG_WARN_UNGUARDED_AVAILABILITY = YES_AGGRESSIVE;
				CLANG_WARN_UNREACHABLE_CODE = YES;
				CLANG_WARN__DUPLICATE_METHOD_MATCH = YES;
				COPY_PHASE_STRIP = NO;
				DEBUG_INFORMATION_FORMAT = "dwarf-with-dsym";
				ENABLE_NS_ASSERTIONS = NO;
				ENABLE_STRICT_OBJC_MSGSEND = YES;
				GCC_C_LANGUAGE_STANDARD = gnu11;
				GCC_NO_COMMON_BLOCKS = YES;
				GCC_WARN_64_TO_32_BIT_CONVERSION = YES;
				GCC_WARN_ABOUT_RETURN_TYPE = YES_ERROR;
				GCC_WARN_UNDECLARED_SELECTOR = YES;
				GCC_WARN_UNINITIALIZED_AUTOS = YES_AGGRESSIVE;
				GCC_WARN_UNUSED_FUNCTION = YES;
				GCC_WARN_UNUSED_VARIABLE = YES;
				IPHONEOS_DEPLOYMENT_TARGET = 15.0;
				MTL_ENABLE_DEBUG_INFO = NO;
				MTL_FAST_MATH = YES;
				SDKROOT = iphoneos;
				SWIFT_COMPILATION_MODE = wholemodule;
				SWIFT_OPTIMIZATION_LEVEL = "-O";
				VALIDATE_PRODUCT = YES;
			};
			name = Release;
		};
		B389462828576E6F0061E26D /* Debug */ = {
			isa = XCBuildConfiguration;
			baseConfigurationReference = 5F5255767ECDD609D569D7E5 /* Pods-MVPvsMVVM.debug.xcconfig */;
			buildSettings = {
				ASSETCATALOG_COMPILER_APPICON_NAME = AppIcon;
				ASSETCATALOG_COMPILER_GLOBAL_ACCENT_COLOR_NAME = AccentColor;
				CODE_SIGN_STYLE = Automatic;
				CURRENT_PROJECT_VERSION = 1;
				DEVELOPMENT_TEAM = 4KDQZUPCZR;
				GENERATE_INFOPLIST_FILE = YES;
				INFOPLIST_FILE = MVPvsMVVM/Info.plist;
				INFOPLIST_KEY_UIApplicationSupportsIndirectInputEvents = YES;
				INFOPLIST_KEY_UILaunchStoryboardName = LaunchScreen;
				INFOPLIST_KEY_UIMainStoryboardFile = Main;
				INFOPLIST_KEY_UISupportedInterfaceOrientations_iPad = "UIInterfaceOrientationPortrait UIInterfaceOrientationPortraitUpsideDown UIInterfaceOrientationLandscapeLeft UIInterfaceOrientationLandscapeRight";
				INFOPLIST_KEY_UISupportedInterfaceOrientations_iPhone = "UIInterfaceOrientationPortrait UIInterfaceOrientationLandscapeLeft UIInterfaceOrientationLandscapeRight";
				LD_RUNPATH_SEARCH_PATHS = (
					"$(inherited)",
					"@executable_path/Frameworks",
				);
				MARKETING_VERSION = 1.0;
				PRODUCT_BUNDLE_IDENTIFIER = com.mikhail.MVPvsMVVM;
				PRODUCT_NAME = "$(TARGET_NAME)";
				SWIFT_EMIT_LOC_STRINGS = YES;
				SWIFT_VERSION = 5.0;
				TARGETED_DEVICE_FAMILY = "1,2";
			};
			name = Debug;
		};
		B389462928576E6F0061E26D /* Release */ = {
			isa = XCBuildConfiguration;
			baseConfigurationReference = A443ABF69EEDB64F5400D62F /* Pods-MVPvsMVVM.release.xcconfig */;
			buildSettings = {
				ASSETCATALOG_COMPILER_APPICON_NAME = AppIcon;
				ASSETCATALOG_COMPILER_GLOBAL_ACCENT_COLOR_NAME = AccentColor;
				CODE_SIGN_STYLE = Automatic;
				CURRENT_PROJECT_VERSION = 1;
				DEVELOPMENT_TEAM = 4KDQZUPCZR;
				GENERATE_INFOPLIST_FILE = YES;
				INFOPLIST_FILE = MVPvsMVVM/Info.plist;
				INFOPLIST_KEY_UIApplicationSupportsIndirectInputEvents = YES;
				INFOPLIST_KEY_UILaunchStoryboardName = LaunchScreen;
				INFOPLIST_KEY_UIMainStoryboardFile = Main;
				INFOPLIST_KEY_UISupportedInterfaceOrientations_iPad = "UIInterfaceOrientationPortrait UIInterfaceOrientationPortraitUpsideDown UIInterfaceOrientationLandscapeLeft UIInterfaceOrientationLandscapeRight";
				INFOPLIST_KEY_UISupportedInterfaceOrientations_iPhone = "UIInterfaceOrientationPortrait UIInterfaceOrientationLandscapeLeft UIInterfaceOrientationLandscapeRight";
				LD_RUNPATH_SEARCH_PATHS = (
					"$(inherited)",
					"@executable_path/Frameworks",
				);
				MARKETING_VERSION = 1.0;
				PRODUCT_BUNDLE_IDENTIFIER = com.mikhail.MVPvsMVVM;
				PRODUCT_NAME = "$(TARGET_NAME)";
				SWIFT_EMIT_LOC_STRINGS = YES;
				SWIFT_VERSION = 5.0;
				TARGETED_DEVICE_FAMILY = "1,2";
			};
			name = Release;
		};
/* End XCBuildConfiguration section */

/* Begin XCConfigurationList section */
		B389460E28576E6E0061E26D /* Build configuration list for PBXProject "MVPvsMVVM" */ = {
			isa = XCConfigurationList;
			buildConfigurations = (
				B389462528576E6F0061E26D /* Debug */,
				B389462628576E6F0061E26D /* Release */,
			);
			defaultConfigurationIsVisible = 0;
			defaultConfigurationName = Release;
		};
		B389462728576E6F0061E26D /* Build configuration list for PBXNativeTarget "MVPvsMVVM" */ = {
			isa = XCConfigurationList;
			buildConfigurations = (
				B389462828576E6F0061E26D /* Debug */,
				B389462928576E6F0061E26D /* Release */,
			);
			defaultConfigurationIsVisible = 0;
			defaultConfigurationName = Release;
		};
/* End XCConfigurationList section */
	};
	rootObject = B389460B28576E6E0061E26D /* Project object */;
}
